{
  "requires": true,
  "lockfileVersion": 1,
  "dependencies": {
    "d": {
      "version": "1.0.1",
      "resolved": "https://registry.npmjs.org/d/-/d-1.0.1.tgz",
      "integrity": "sha512-m62ShEObQ39CfralilEQRjH6oAMtNCV1xJyEx5LpRYUVN+EviphDgUc/F3hnYbADmkiNs67Y+3ylmlG7Lnu+FA==",
      "requires": {
        "es5-ext": "^0.10.50",
        "type": "^1.0.1"
      }
    },
    "es5-ext": {
      "version": "0.10.51",
      "resolved": "https://registry.npmjs.org/es5-ext/-/es5-ext-0.10.51.tgz",
      "integrity": "sha512-oRpWzM2WcLHVKpnrcyB7OW8j/s67Ba04JCm0WnNv3RiABSvs7mrQlutB8DBv793gKcp0XENR8Il8WxGTlZ73gQ==",
      "requires": {
        "es6-iterator": "~2.0.3",
        "es6-symbol": "~3.1.1",
        "next-tick": "^1.0.0"
      }
    },
    "es6-iterator": {
      "version": "2.0.3",
      "resolved": "https://registry.npmjs.org/es6-iterator/-/es6-iterator-2.0.3.tgz",
      "integrity": "sha1-p96IkUGgWpSwhUQDstCg+/qY87c=",
      "requires": {
        "d": "1",
        "es5-ext": "^0.10.35",
        "es6-symbol": "^3.1.1"
      }
    },
    "es6-set": {
      "version": "0.1.5",
      "resolved": "https://registry.npmjs.org/es6-set/-/es6-set-0.1.5.tgz",
      "integrity": "sha1-0rPsXU2ADO2BjbU40ol02wpzzLE=",
      "requires": {
        "d": "1",
        "es5-ext": "~0.10.14",
        "es6-iterator": "~2.0.1",
        "es6-symbol": "3.1.1",
        "event-emitter": "~0.3.5"
      }
    },
    "es6-symbol": {
      "version": "3.1.1",
      "resolved": "https://registry.npmjs.org/es6-symbol/-/es6-symbol-3.1.1.tgz",
      "integrity": "sha1-vwDvT9q2uhtG7Le2KbTH7VcVzHc=",
      "requires": {
        "d": "1",
        "es5-ext": "~0.10.14"
      }
    },
    "event-emitter": {
      "version": "0.3.5",
      "resolved": "https://registry.npmjs.org/event-emitter/-/event-emitter-0.3.5.tgz",
      "integrity": "sha1-34xp7vFkeSPHFXuc6DhAYQsCzDk=",
      "requires": {
        "d": "1",
        "es5-ext": "~0.10.14"
      }
    },
    "mime": {
      "version": "1.6.0",
      "resolved": "https://registry.npmjs.org/mime/-/mime-1.6.0.tgz",
      "integrity": "sha512-x0Vn8spI+wuJ1O6S7gnbaQg8Pxh4NNHb7KSINmEWKiPE4RKOplvijn+NkmYmmRgP68mc70j2EbeTFRsrswaQeg=="
    },
    "mimeparse": {
      "version": "0.1.4",
      "resolved": "https://registry.npmjs.org/mimeparse/-/mimeparse-0.1.4.tgz",
      "integrity": "sha1-2vsCdSNw/SJgk64xUsJxrwGsJUo="
    },
    "next-tick": {
      "version": "1.0.0",
      "resolved": "https://registry.npmjs.org/next-tick/-/next-tick-1.0.0.tgz",
      "integrity": "sha1-yobR/ogoFpsBICCOPchCS524NCw="
    },
    "q": {
      "version": "1.5.1",
      "resolved": "https://registry.npmjs.org/q/-/q-1.5.1.tgz",
      "integrity": "sha1-fjL3W0E4EpHQRhHxvxQQmsAGUdc="
    },
    "q-io": {
      "version": "1.13.6",
      "resolved": "https://registry.npmjs.org/q-io/-/q-io-1.13.6.tgz",
      "integrity": "sha1-BFC9s54IfLiaX9SkFjfqM0fJhTg=",
      "requires": {
        "es6-set": "^0.1.1",
        "mime": "^1.2.11",
        "mimeparse": "^0.1.4",
        "q": "^1.0.1",
        "qs": "^1.2.1",
        "url2": "^0.0.0"
      }
    },
    "qs": {
      "version": "1.2.2",
      "resolved": "https://registry.npmjs.org/qs/-/qs-1.2.2.tgz",
      "integrity": "sha1-GbV/8k3CqZzh+L32r82ln472H4g="
    },
    "type": {
      "version": "1.0.3",
      "resolved": "https://registry.npmjs.org/type/-/type-1.0.3.tgz",
      "integrity": "sha512-51IMtNfVcee8+9GJvj0spSuFcZHe9vSib6Xtgsny1Km9ugyz2mbS08I3rsUIRYgJohFRFU1160sgRodYz378Hg=="
    },
    "url2": {
      "version": "0.0.0",
      "resolved": "https://registry.npmjs.org/url2/-/url2-0.0.0.tgz",
      "integrity": "sha1-Tqq9HVw6yQ1iq0SFyZhCKGWgSxo="
    }
  }
}
